{
  "nodes": {
    "home-manager": {
      "inputs": {
        "nixpkgs": [
          "nixpkgs"
        ]
      },
      "locked": {
        "lastModified": 1697838989,
        "narHash": "sha256-hwVlO+st8vWJO6iy3/JbMHrUyY4Ak7xUSmffoWqBPUg=",
        "owner": "nix-community",
        "repo": "home-manager",
        "rev": "ae631b0b20f06f7d239d160723d228891ddb2fe0",
        "type": "github"
      },
      "original": {
        "owner": "nix-community",
        "ref": "master",
        "repo": "home-manager",
        "type": "github"
      }
    },
    "nixpkgs": {
      "locked": {
        "lastModified": 1697793076,
        "narHash": "sha256-02e7sCuqLtkyRgrZmdOyvAcQTQdcXj+vpyp9bca6cY4=",
        "owner": "NixOS",
        "repo": "nixpkgs",
        "rev": "038b2922be3fc096e1d456f93f7d0f4090628729",
        "type": "github"
      },
      "original": {
        "owner": "NixOS",
        "ref": "nixpkgs-unstable",
        "repo": "nixpkgs",
        "type": "github"
      }
    },
    "root": {
      "inputs": {
        "home-manager": "home-manager",
        "nixpkgs": "nixpkgs",
        "vim-plug": "vim-plug",
        "zsh-syntax-highlighting": "zsh-syntax-highlighting"
      }
    },
    "vim-plug": {
      "flake": false,
      "locked": {
        "lastModified": 1680361161,
        "narHash": "sha256-56Z4oZJ9w0L5FBQyDffhs3OvBfgQx+WPY54oH2lwwqs=",
        "owner": "junegunn",
        "repo": "vim-plug",
        "rev": "ca0ae0a8b1bd6380caba2d8be43a2a19baf7dbe2",
        "type": "github"
      },
      "original": {
        "owner": "junegunn",
        "ref": "master",
        "repo": "vim-plug",
        "type": "github"
      }
    },
    "zsh-syntax-highlighting": {
      "flake": false,
      "locked": {
        "lastModified": 1693974187,
        "narHash": "sha256-TKGCck51qQ50dQGntKaeSk8waK3BlwUjueg4MImTH8k=",
        "owner": "zsh-users",
        "repo": "zsh-syntax-highlighting",
        "rev": "143b25eb98aa3227af63bd7f04413e1b3e7888ec",
        "type": "github"
      },
      "original": {
        "owner": "zsh-users",
        "ref": "master",
        "repo": "zsh-syntax-highlighting",
        "type": "github"
      }
    }
  },
  "root": "root",
  "version": 7
}
