{
  "nodes": {
    "home-manager": {
      "inputs": {
        "nixpkgs": [
          "nixpkgs"
        ]
      },
      "locked": {
        "lastModified": 1651262513,
        "narHash": "sha256-5iW1fevaAD0Rbtbgb4I++7fyaND3oarGs3mAjyadE0Y=",
        "owner": "nix-community",
        "repo": "home-manager",
        "rev": "f8b51be7149a0735e87b232d21ae4f852619eac7",
        "type": "github"
      },
      "original": {
        "owner": "nix-community",
        "ref": "master",
        "repo": "home-manager",
        "type": "github"
      }
    },
    "nixGL": {
      "inputs": {
        "nixpkgs": [
          "nixpkgs"
        ]
      },
      "locked": {
        "lastModified": 1651078744,
        "narHash": "sha256-+S/NEzZoTt7EoSOMEUsR/LuNTtzYhbribFaIewNxdCQ=",
        "owner": "guibou",
        "repo": "nixGL",
        "rev": "56f2fbcce7a08c60c98394a64e900d5e9227bcb2",
        "type": "github"
      },
      "original": {
        "owner": "guibou",
        "ref": "main",
        "repo": "nixGL",
        "type": "github"
      }
    },
    "nixpkgs": {
      "locked": {
        "lastModified": 1651114127,
        "narHash": "sha256-/lLC0wkMZkAdA5e1W76SnJzbhfOGDvync3VRHJMtAKk=",
        "owner": "NixOS",
        "repo": "nixpkgs",
        "rev": "6766fb6503ae1ebebc2a9704c162b2aef351f921",
        "type": "github"
      },
      "original": {
        "owner": "NixOS",
        "ref": "nixpkgs-unstable",
        "repo": "nixpkgs",
        "type": "github"
      }
    },
    "root": {
      "inputs": {
        "home-manager": "home-manager",
        "nixGL": "nixGL",
        "nixpkgs": "nixpkgs",
        "vim-plug": "vim-plug",
        "zsh-syntax-highlighting": "zsh-syntax-highlighting"
      }
    },
    "vim-plug": {
      "flake": false,
      "locked": {
        "lastModified": 1650549242,
        "narHash": "sha256-cM/SOMdjdjTupmx1O/1cWIUsWBN/18b/JO/cXk6d1A0=",
        "owner": "junegunn",
        "repo": "vim-plug",
        "rev": "be55ec46b5ab031805487a9c3e895db57f53010b",
        "type": "github"
      },
      "original": {
        "owner": "junegunn",
        "ref": "master",
        "repo": "vim-plug",
        "type": "github"
      }
    },
    "zsh-syntax-highlighting": {
      "flake": false,
      "locked": {
        "lastModified": 1645642093,
        "narHash": "sha256-UqeK+xFcKMwdM62syL2xkV8jwkf/NWfubxOTtczWEwA=",
        "owner": "zsh-users",
        "repo": "zsh-syntax-highlighting",
        "rev": "c5ce0014677a0f69a10b676b6038ad127f40c6b1",
        "type": "github"
      },
      "original": {
        "owner": "zsh-users",
        "ref": "master",
        "repo": "zsh-syntax-highlighting",
        "type": "github"
      }
    }
  },
  "root": "root",
  "version": 7
}
